
Microsoft Visual Studio Solution File, Format Version 12.00
# Visual Studio Version 17
VisualStudioVersion = 17.2.32505.173
MinimumVisualStudioVersion = 10.0.40219.1
Project("{9A19103F-16F7-4668-BE54-9A1E7A4F7556}") = "Algorytm#01", "Algorytm#01\Algorytm#01.csproj", "{41C10399-57A3-498E-AD43-2E03EFD1753D}"
EndProject
Project("{9A19103F-16F7-4668-BE54-9A1E7A4F7556}") = "Algorytm#02", "Algorytm#02\Algorytm#02.csproj", "{CF30FCF4-1426-4BC5-8354-503722C31437}"
EndProject
Project("{9A19103F-16F7-4668-BE54-9A1E7A4F7556}") = "Algorytm#03", "Algorytm#03\Algorytm#03.csproj", "{07F6C781-B167-43F2-BC9F-FAA00BCA11FA}"
EndProject
Project("{9A19103F-16F7-4668-BE54-9A1E7A4F7556}") = "Algorytm#04", "Algorytm#04\Algorytm#04.csproj", "{0B2EC2D6-F4F8-47C3-B621-498858ACAB26}"
EndProject
Project("{9A19103F-16F7-4668-BE54-9A1E7A4F7556}") = "Algorytm#05", "Algorytm#05\Algorytm#05.csproj", "{B2A08503-5846-46B4-8EFC-EC6095AF8D9F}"
EndProject
Project("{9A19103F-16F7-4668-BE54-9A1E7A4F7556}") = "Algorytm#06", "Algorytm#06\Algorytm#06.csproj", "{81BD51CE-5715-4FA2-9F75-53DEE39231C4}"
EndProject
Project("{FAE04EC0-301F-11D3-BF4B-00C04F79EFBC}") = "Algorytm#07", "Algorytm#07\Algorytm#07.csproj", "{E746D96F-D98E-492A-877E-AFAA4EBD4C06}"
EndProject
Project("{9A19103F-16F7-4668-BE54-9A1E7A4F7556}") = "Algorytm#08", "Algorytm#08\Algorytm#08.csproj", "{FA958267-1E85-4F8E-9947-E891B40AAEEE}"
EndProject
Project("{9A19103F-16F7-4668-BE54-9A1E7A4F7556}") = "Algorytm#09", "Algorytm#09\Algorytm#09.csproj", "{F2A3DB3A-E9A9-4C73-9A31-B69EDAAFF5CC}"
EndProject
Project("{9A19103F-16F7-4668-BE54-9A1E7A4F7556}") = "Algorytm#10", "Algorytm#10\Algorytm#10.csproj", "{0602A2AC-7637-4610-9F89-6C849EADB423}"
EndProject
Project("{9A19103F-16F7-4668-BE54-9A1E7A4F7556}") = "Algorytm#11", "Algorytm#11\Algorytm#11.csproj", "{BE5CBF02-0224-47B8-9C02-276E773E3F0D}"
EndProject
Project("{9A19103F-16F7-4668-BE54-9A1E7A4F7556}") = "Algorytm#12", "Algorytm#12\Algorytm#12.csproj", "{D6703EA5-B074-4F9A-A99A-02C652577FA0}"
EndProject
Project("{9A19103F-16F7-4668-BE54-9A1E7A4F7556}") = "Algorytm#13", "Algorytm#13\Algorytm#13.csproj", "{69AB4756-F7BC-4FBE-9D78-C9B11B6786A0}"
EndProject
Project("{9A19103F-16F7-4668-BE54-9A1E7A4F7556}") = "Algorytm#15", "Algorytm#15\Algorytm#15.csproj", "{D52C1A45-7455-4E04-A942-D017C66D9769}"
EndProject
Project("{FAE04EC0-301F-11D3-BF4B-00C04F79EFBC}") = "Algorytm14", "Algorytm#14\Algorytm14\Algorytm14.csproj", "{0E1E19FE-5C20-4B34-9CE5-43B8F2B079A3}"
EndProject
Global
	GlobalSection(SolutionConfigurationPlatforms) = preSolution
		Debug|Any CPU = Debug|Any CPU
		Release|Any CPU = Release|Any CPU
	EndGlobalSection
	GlobalSection(ProjectConfigurationPlatforms) = postSolution
		{41C10399-57A3-498E-AD43-2E03EFD1753D}.Debug|Any CPU.ActiveCfg = Debug|Any CPU
		{41C10399-57A3-498E-AD43-2E03EFD1753D}.Debug|Any CPU.Build.0 = Debug|Any CPU
		{41C10399-57A3-498E-AD43-2E03EFD1753D}.Release|Any CPU.ActiveCfg = Release|Any CPU
		{41C10399-57A3-498E-AD43-2E03EFD1753D}.Release|Any CPU.Build.0 = Release|Any CPU
		{CF30FCF4-1426-4BC5-8354-503722C31437}.Debug|Any CPU.ActiveCfg = Debug|Any CPU
		{CF30FCF4-1426-4BC5-8354-503722C31437}.Debug|Any CPU.Build.0 = Debug|Any CPU
		{CF30FCF4-1426-4BC5-8354-503722C31437}.Release|Any CPU.ActiveCfg = Release|Any CPU
		{CF30FCF4-1426-4BC5-8354-503722C31437}.Release|Any CPU.Build.0 = Release|Any CPU
		{07F6C781-B167-43F2-BC9F-FAA00BCA11FA}.Debug|Any CPU.ActiveCfg = Debug|Any CPU
		{07F6C781-B167-43F2-BC9F-FAA00BCA11FA}.Debug|Any CPU.Build.0 = Debug|Any CPU
		{07F6C781-B167-43F2-BC9F-FAA00BCA11FA}.Release|Any CPU.ActiveCfg = Release|Any CPU
		{07F6C781-B167-43F2-BC9F-FAA00BCA11FA}.Release|Any CPU.Build.0 = Release|Any CPU
		{0B2EC2D6-F4F8-47C3-B621-498858ACAB26}.Debug|Any CPU.ActiveCfg = Debug|Any CPU
		{0B2EC2D6-F4F8-47C3-B621-498858ACAB26}.Debug|Any CPU.Build.0 = Debug|Any CPU
		{0B2EC2D6-F4F8-47C3-B621-498858ACAB26}.Release|Any CPU.ActiveCfg = Release|Any CPU
		{0B2EC2D6-F4F8-47C3-B621-498858ACAB26}.Release|Any CPU.Build.0 = Release|Any CPU
		{B2A08503-5846-46B4-8EFC-EC6095AF8D9F}.Debug|Any CPU.ActiveCfg = Debug|Any CPU
		{B2A08503-5846-46B4-8EFC-EC6095AF8D9F}.Debug|Any CPU.Build.0 = Debug|Any CPU
		{B2A08503-5846-46B4-8EFC-EC6095AF8D9F}.Release|Any CPU.ActiveCfg = Release|Any CPU
		{B2A08503-5846-46B4-8EFC-EC6095AF8D9F}.Release|Any CPU.Build.0 = Release|Any CPU
		{81BD51CE-5715-4FA2-9F75-53DEE39231C4}.Debug|Any CPU.ActiveCfg = Debug|Any CPU
		{81BD51CE-5715-4FA2-9F75-53DEE39231C4}.Debug|Any CPU.Build.0 = Debug|Any CPU
		{81BD51CE-5715-4FA2-9F75-53DEE39231C4}.Release|Any CPU.ActiveCfg = Release|Any CPU
		{81BD51CE-5715-4FA2-9F75-53DEE39231C4}.Release|Any CPU.Build.0 = Release|Any CPU
		{E746D96F-D98E-492A-877E-AFAA4EBD4C06}.Debug|Any CPU.ActiveCfg = Debug|Any CPU
		{E746D96F-D98E-492A-877E-AFAA4EBD4C06}.Debug|Any CPU.Build.0 = Debug|Any CPU
		{E746D96F-D98E-492A-877E-AFAA4EBD4C06}.Release|Any CPU.ActiveCfg = Release|Any CPU
		{E746D96F-D98E-492A-877E-AFAA4EBD4C06}.Release|Any CPU.Build.0 = Release|Any CPU
		{FA958267-1E85-4F8E-9947-E891B40AAEEE}.Debug|Any CPU.ActiveCfg = Debug|Any CPU
		{FA958267-1E85-4F8E-9947-E891B40AAEEE}.Debug|Any CPU.Build.0 = Debug|Any CPU
		{FA958267-1E85-4F8E-9947-E891B40AAEEE}.Release|Any CPU.ActiveCfg = Release|Any CPU
		{FA958267-1E85-4F8E-9947-E891B40AAEEE}.Release|Any CPU.Build.0 = Release|Any CPU
		{F2A3DB3A-E9A9-4C73-9A31-B69EDAAFF5CC}.Debug|Any CPU.ActiveCfg = Debug|Any CPU
		{F2A3DB3A-E9A9-4C73-9A31-B69EDAAFF5CC}.Debug|Any CPU.Build.0 = Debug|Any CPU
		{F2A3DB3A-E9A9-4C73-9A31-B69EDAAFF5CC}.Release|Any CPU.ActiveCfg = Release|Any CPU
		{F2A3DB3A-E9A9-4C73-9A31-B69EDAAFF5CC}.Release|Any CPU.Build.0 = Release|Any CPU
		{0602A2AC-7637-4610-9F89-6C849EADB423}.Debug|Any CPU.ActiveCfg = Debug|Any CPU
		{0602A2AC-7637-4610-9F89-6C849EADB423}.Debug|Any CPU.Build.0 = Debug|Any CPU
		{0602A2AC-7637-4610-9F89-6C849EADB423}.Release|Any CPU.ActiveCfg = Release|Any CPU
		{0602A2AC-7637-4610-9F89-6C849EADB423}.Release|Any CPU.Build.0 = Release|Any CPU
		{BE5CBF02-0224-47B8-9C02-276E773E3F0D}.Debug|Any CPU.ActiveCfg = Debug|Any CPU
		{BE5CBF02-0224-47B8-9C02-276E773E3F0D}.Debug|Any CPU.Build.0 = Debug|Any CPU
		{BE5CBF02-0224-47B8-9C02-276E773E3F0D}.Release|Any CPU.ActiveCfg = Release|Any CPU
		{BE5CBF02-0224-47B8-9C02-276E773E3F0D}.Release|Any CPU.Build.0 = Release|Any CPU
		{D6703EA5-B074-4F9A-A99A-02C652577FA0}.Debug|Any CPU.ActiveCfg = Debug|Any CPU
		{D6703EA5-B074-4F9A-A99A-02C652577FA0}.Debug|Any CPU.Build.0 = Debug|Any CPU
		{D6703EA5-B074-4F9A-A99A-02C652577FA0}.Release|Any CPU.ActiveCfg = Release|Any CPU
		{D6703EA5-B074-4F9A-A99A-02C652577FA0}.Release|Any CPU.Build.0 = Release|Any CPU
		{69AB4756-F7BC-4FBE-9D78-C9B11B6786A0}.Debug|Any CPU.ActiveCfg = Debug|Any CPU
		{69AB4756-F7BC-4FBE-9D78-C9B11B6786A0}.Debug|Any CPU.Build.0 = Debug|Any CPU
		{69AB4756-F7BC-4FBE-9D78-C9B11B6786A0}.Release|Any CPU.ActiveCfg = Release|Any CPU
		{69AB4756-F7BC-4FBE-9D78-C9B11B6786A0}.Release|Any CPU.Build.0 = Release|Any CPU
		{D52C1A45-7455-4E04-A942-D017C66D9769}.Debug|Any CPU.ActiveCfg = Debug|Any CPU
		{D52C1A45-7455-4E04-A942-D017C66D9769}.Debug|Any CPU.Build.0 = Debug|Any CPU
		{D52C1A45-7455-4E04-A942-D017C66D9769}.Release|Any CPU.ActiveCfg = Release|Any CPU
		{D52C1A45-7455-4E04-A942-D017C66D9769}.Release|Any CPU.Build.0 = Release|Any CPU
		{0E1E19FE-5C20-4B34-9CE5-43B8F2B079A3}.Debug|Any CPU.ActiveCfg = Debug|Any CPU
		{0E1E19FE-5C20-4B34-9CE5-43B8F2B079A3}.Debug|Any CPU.Build.0 = Debug|Any CPU
		{0E1E19FE-5C20-4B34-9CE5-43B8F2B079A3}.Release|Any CPU.ActiveCfg = Release|Any CPU
		{0E1E19FE-5C20-4B34-9CE5-43B8F2B079A3}.Release|Any CPU.Build.0 = Release|Any CPU
	EndGlobalSection
	GlobalSection(SolutionProperties) = preSolution
		HideSolutionNode = FALSE
	EndGlobalSection
	GlobalSection(ExtensibilityGlobals) = postSolution
		SolutionGuid = {D08A0EE1-A4B6-4B3C-A2D0-DBE32FF40892}
	EndGlobalSection
EndGlobal
