
Microsoft Visual Studio Solution File, Format Version 12.00
# Visual Studio Version 17
VisualStudioVersion = 17.2.32505.173
MinimumVisualStudioVersion = 10.0.40219.1
Project("{9A19103F-16F7-4668-BE54-9A1E7A4F7556}") = "Algorytm01", "Algorytm#01\Algorytm01.csproj", "{681FF28C-5880-47CB-A255-002D50534CAA}"
EndProject
Project("{9A19103F-16F7-4668-BE54-9A1E7A4F7556}") = "Algorytm02", "Algorytm#02\Algorytm02.csproj", "{28C25B7F-A606-400F-8709-0565A89B5C5C}"
EndProject
Project("{9A19103F-16F7-4668-BE54-9A1E7A4F7556}") = "Algorytm03", "Algorytm#03\Algorytm03.csproj", "{7466DF24-2860-4901-9718-95E9D9DAF563}"
EndProject
Project("{9A19103F-16F7-4668-BE54-9A1E7A4F7556}") = "Algorytm04", "Algorytm#04\Algorytm04.csproj", "{5F93725E-F21D-4545-8501-53F5FE317DA2}"
EndProject
Project("{9A19103F-16F7-4668-BE54-9A1E7A4F7556}") = "Algorytm05", "Algorytm#05\Algorytm05.csproj", "{79172147-B541-4E28-90EA-7CA26988DE75}"
EndProject
Project("{9A19103F-16F7-4668-BE54-9A1E7A4F7556}") = "Algorytm06", "Algorytm#06\Algorytm06.csproj", "{F28E834A-AC03-4C7E-8DBC-A752430CD3F4}"
EndProject
Project("{FAE04EC0-301F-11D3-BF4B-00C04F79EFBC}") = "Algorytm07", "Algorytm#07\Algorytm07.csproj", "{E746D96F-D98E-492A-877E-AFAA4EBD4C06}"
EndProject
Project("{9A19103F-16F7-4668-BE54-9A1E7A4F7556}") = "Algorytm08", "Algorytm#08\Algorytm08.csproj", "{BD191949-8442-410E-A7A7-980A69FD5B13}"
EndProject
Project("{9A19103F-16F7-4668-BE54-9A1E7A4F7556}") = "Algorytm09", "Algorytm#09\Algorytm09.csproj", "{9229EBB2-8F2A-4DCD-951E-44FEB429013A}"
EndProject
Project("{9A19103F-16F7-4668-BE54-9A1E7A4F7556}") = "Algorytm10", "Algorytm#10\Algorytm10.csproj", "{05A350C1-96C4-46A1-AFD9-D7D4818B4E3E}"
EndProject
Project("{9A19103F-16F7-4668-BE54-9A1E7A4F7556}") = "Algorytm11", "Algorytm#11\Algorytm11.csproj", "{26F16758-BCC0-4DDA-876A-729CE40381DD}"
EndProject
Project("{9A19103F-16F7-4668-BE54-9A1E7A4F7556}") = "Algorytm12", "Algorytm#12\Algorytm12.csproj", "{07427E05-A08E-418A-A3B0-0CFAD0AEACC4}"
EndProject
Project("{9A19103F-16F7-4668-BE54-9A1E7A4F7556}") = "Algorytm13", "Algorytm#13\Algorytm13.csproj", "{45AE255C-8576-482B-B811-0A7BA5FA15B3}"
EndProject
Project("{9A19103F-16F7-4668-BE54-9A1E7A4F7556}") = "Algorytm14", "Algorytm#14\Algorytm14.csproj", "{8231867F-2544-4AE6-99BB-7C93B0CA5E5B}"
EndProject
Project("{9A19103F-16F7-4668-BE54-9A1E7A4F7556}") = "Algorytm15", "Algorytm#15\Algorytm15.csproj", "{B9EE7736-1A85-4D35-86B7-A57CAEAA7722}"
EndProject
Global
	GlobalSection(SolutionConfigurationPlatforms) = preSolution
		Debug|Any CPU = Debug|Any CPU
		Release|Any CPU = Release|Any CPU
	EndGlobalSection
	GlobalSection(ProjectConfigurationPlatforms) = postSolution
		{681FF28C-5880-47CB-A255-002D50534CAA}.Debug|Any CPU.ActiveCfg = Debug|Any CPU
		{681FF28C-5880-47CB-A255-002D50534CAA}.Debug|Any CPU.Build.0 = Debug|Any CPU
		{681FF28C-5880-47CB-A255-002D50534CAA}.Release|Any CPU.ActiveCfg = Release|Any CPU
		{681FF28C-5880-47CB-A255-002D50534CAA}.Release|Any CPU.Build.0 = Release|Any CPU
		{28C25B7F-A606-400F-8709-0565A89B5C5C}.Debug|Any CPU.ActiveCfg = Debug|Any CPU
		{28C25B7F-A606-400F-8709-0565A89B5C5C}.Debug|Any CPU.Build.0 = Debug|Any CPU
		{28C25B7F-A606-400F-8709-0565A89B5C5C}.Release|Any CPU.ActiveCfg = Release|Any CPU
		{28C25B7F-A606-400F-8709-0565A89B5C5C}.Release|Any CPU.Build.0 = Release|Any CPU
		{7466DF24-2860-4901-9718-95E9D9DAF563}.Debug|Any CPU.ActiveCfg = Debug|Any CPU
		{7466DF24-2860-4901-9718-95E9D9DAF563}.Debug|Any CPU.Build.0 = Debug|Any CPU
		{7466DF24-2860-4901-9718-95E9D9DAF563}.Release|Any CPU.ActiveCfg = Release|Any CPU
		{7466DF24-2860-4901-9718-95E9D9DAF563}.Release|Any CPU.Build.0 = Release|Any CPU
		{5F93725E-F21D-4545-8501-53F5FE317DA2}.Debug|Any CPU.ActiveCfg = Debug|Any CPU
		{5F93725E-F21D-4545-8501-53F5FE317DA2}.Debug|Any CPU.Build.0 = Debug|Any CPU
		{5F93725E-F21D-4545-8501-53F5FE317DA2}.Release|Any CPU.ActiveCfg = Release|Any CPU
		{5F93725E-F21D-4545-8501-53F5FE317DA2}.Release|Any CPU.Build.0 = Release|Any CPU
		{79172147-B541-4E28-90EA-7CA26988DE75}.Debug|Any CPU.ActiveCfg = Debug|Any CPU
		{79172147-B541-4E28-90EA-7CA26988DE75}.Debug|Any CPU.Build.0 = Debug|Any CPU
		{79172147-B541-4E28-90EA-7CA26988DE75}.Release|Any CPU.ActiveCfg = Release|Any CPU
		{79172147-B541-4E28-90EA-7CA26988DE75}.Release|Any CPU.Build.0 = Release|Any CPU
		{F28E834A-AC03-4C7E-8DBC-A752430CD3F4}.Debug|Any CPU.ActiveCfg = Debug|Any CPU
		{F28E834A-AC03-4C7E-8DBC-A752430CD3F4}.Debug|Any CPU.Build.0 = Debug|Any CPU
		{F28E834A-AC03-4C7E-8DBC-A752430CD3F4}.Release|Any CPU.ActiveCfg = Release|Any CPU
		{F28E834A-AC03-4C7E-8DBC-A752430CD3F4}.Release|Any CPU.Build.0 = Release|Any CPU
		{E746D96F-D98E-492A-877E-AFAA4EBD4C06}.Debug|Any CPU.ActiveCfg = Debug|Any CPU
		{E746D96F-D98E-492A-877E-AFAA4EBD4C06}.Debug|Any CPU.Build.0 = Debug|Any CPU
		{E746D96F-D98E-492A-877E-AFAA4EBD4C06}.Release|Any CPU.ActiveCfg = Release|Any CPU
		{E746D96F-D98E-492A-877E-AFAA4EBD4C06}.Release|Any CPU.Build.0 = Release|Any CPU
		{BD191949-8442-410E-A7A7-980A69FD5B13}.Debug|Any CPU.ActiveCfg = Debug|Any CPU
		{BD191949-8442-410E-A7A7-980A69FD5B13}.Debug|Any CPU.Build.0 = Debug|Any CPU
		{BD191949-8442-410E-A7A7-980A69FD5B13}.Release|Any CPU.ActiveCfg = Release|Any CPU
		{BD191949-8442-410E-A7A7-980A69FD5B13}.Release|Any CPU.Build.0 = Release|Any CPU
		{9229EBB2-8F2A-4DCD-951E-44FEB429013A}.Debug|Any CPU.ActiveCfg = Debug|Any CPU
		{9229EBB2-8F2A-4DCD-951E-44FEB429013A}.Debug|Any CPU.Build.0 = Debug|Any CPU
		{9229EBB2-8F2A-4DCD-951E-44FEB429013A}.Release|Any CPU.ActiveCfg = Release|Any CPU
		{9229EBB2-8F2A-4DCD-951E-44FEB429013A}.Release|Any CPU.Build.0 = Release|Any CPU
		{05A350C1-96C4-46A1-AFD9-D7D4818B4E3E}.Debug|Any CPU.ActiveCfg = Debug|Any CPU
		{05A350C1-96C4-46A1-AFD9-D7D4818B4E3E}.Debug|Any CPU.Build.0 = Debug|Any CPU
		{05A350C1-96C4-46A1-AFD9-D7D4818B4E3E}.Release|Any CPU.ActiveCfg = Release|Any CPU
		{05A350C1-96C4-46A1-AFD9-D7D4818B4E3E}.Release|Any CPU.Build.0 = Release|Any CPU
		{26F16758-BCC0-4DDA-876A-729CE40381DD}.Debug|Any CPU.ActiveCfg = Debug|Any CPU
		{26F16758-BCC0-4DDA-876A-729CE40381DD}.Debug|Any CPU.Build.0 = Debug|Any CPU
		{26F16758-BCC0-4DDA-876A-729CE40381DD}.Release|Any CPU.ActiveCfg = Release|Any CPU
		{26F16758-BCC0-4DDA-876A-729CE40381DD}.Release|Any CPU.Build.0 = Release|Any CPU
		{07427E05-A08E-418A-A3B0-0CFAD0AEACC4}.Debug|Any CPU.ActiveCfg = Debug|Any CPU
		{07427E05-A08E-418A-A3B0-0CFAD0AEACC4}.Debug|Any CPU.Build.0 = Debug|Any CPU
		{07427E05-A08E-418A-A3B0-0CFAD0AEACC4}.Release|Any CPU.ActiveCfg = Release|Any CPU
		{07427E05-A08E-418A-A3B0-0CFAD0AEACC4}.Release|Any CPU.Build.0 = Release|Any CPU
		{45AE255C-8576-482B-B811-0A7BA5FA15B3}.Debug|Any CPU.ActiveCfg = Debug|Any CPU
		{45AE255C-8576-482B-B811-0A7BA5FA15B3}.Debug|Any CPU.Build.0 = Debug|Any CPU
		{45AE255C-8576-482B-B811-0A7BA5FA15B3}.Release|Any CPU.ActiveCfg = Release|Any CPU
		{45AE255C-8576-482B-B811-0A7BA5FA15B3}.Release|Any CPU.Build.0 = Release|Any CPU
		{8231867F-2544-4AE6-99BB-7C93B0CA5E5B}.Debug|Any CPU.ActiveCfg = Debug|Any CPU
		{8231867F-2544-4AE6-99BB-7C93B0CA5E5B}.Debug|Any CPU.Build.0 = Debug|Any CPU
		{8231867F-2544-4AE6-99BB-7C93B0CA5E5B}.Release|Any CPU.ActiveCfg = Release|Any CPU
		{8231867F-2544-4AE6-99BB-7C93B0CA5E5B}.Release|Any CPU.Build.0 = Release|Any CPU
		{B9EE7736-1A85-4D35-86B7-A57CAEAA7722}.Debug|Any CPU.ActiveCfg = Debug|Any CPU
		{B9EE7736-1A85-4D35-86B7-A57CAEAA7722}.Debug|Any CPU.Build.0 = Debug|Any CPU
		{B9EE7736-1A85-4D35-86B7-A57CAEAA7722}.Release|Any CPU.ActiveCfg = Release|Any CPU
		{B9EE7736-1A85-4D35-86B7-A57CAEAA7722}.Release|Any CPU.Build.0 = Release|Any CPU
	EndGlobalSection
	GlobalSection(SolutionProperties) = preSolution
		HideSolutionNode = FALSE
	EndGlobalSection
	GlobalSection(ExtensibilityGlobals) = postSolution
		SolutionGuid = {D08A0EE1-A4B6-4B3C-A2D0-DBE32FF40892}
	EndGlobalSection
EndGlobal
