
Microsoft Visual Studio Solution File, Format Version 12.00
# Visual Studio Version 17
VisualStudioVersion = 17.2.32505.173
MinimumVisualStudioVersion = 10.0.40219.1
Project("{9A19103F-16F7-4668-BE54-9A1E7A4F7556}") = "algorytm1", "algorytm1\algorytm1.csproj", "{A1CBD050-222B-4B27-88DC-DD739D93BE5B}"
EndProject
Project("{9A19103F-16F7-4668-BE54-9A1E7A4F7556}") = "algorytm2", "algorytm2\algorytm2.csproj", "{569A776F-37F8-45D2-9002-4C6C7A6F1BD8}"
EndProject
Project("{9A19103F-16F7-4668-BE54-9A1E7A4F7556}") = "algorytm3", "algorytm3\algorytm3.csproj", "{5CB64F73-3667-4396-9B78-D5006BF98EA9}"
EndProject
Project("{9A19103F-16F7-4668-BE54-9A1E7A4F7556}") = "Algorytm4", "Algorytm4\Algorytm4.csproj", "{7909C406-3E34-4137-B060-C30538CAAF9D}"
EndProject
Project("{9A19103F-16F7-4668-BE54-9A1E7A4F7556}") = "Algorytm5", "Algorytm5\Algorytm5.csproj", "{68A8277D-6B4C-4A14-AB29-8ECC060948F5}"
EndProject
Project("{9A19103F-16F7-4668-BE54-9A1E7A4F7556}") = "Algorytm6", "Algorytm6\Algorytm6.csproj", "{66BC741C-92B4-4C87-8E7D-C7CC75203A91}"
EndProject
Project("{FAE04EC0-301F-11D3-BF4B-00C04F79EFBC}") = "Algorytm7", "Algorytm7\Algorytm7.csproj", "{E746D96F-D98E-492A-877E-AFAA4EBD4C06}"
EndProject
Project("{9A19103F-16F7-4668-BE54-9A1E7A4F7556}") = "Algorytm8", "Algorytm8\Algorytm8.csproj", "{B1F9D1AD-9D8C-4F2A-A595-F0CE8FDDB8BF}"
EndProject
Project("{9A19103F-16F7-4668-BE54-9A1E7A4F7556}") = "Algorytm9", "Algorytm9\Algorytm9.csproj", "{F80EDFB5-B747-4E59-9923-1851E35053C5}"
EndProject
Project("{9A19103F-16F7-4668-BE54-9A1E7A4F7556}") = "Algorytm11", "Algorytm11\Algorytm11.csproj", "{EB8B9F7E-E043-4849-867A-F3DA962F0455}"
EndProject
Project("{9A19103F-16F7-4668-BE54-9A1E7A4F7556}") = "Algorytm12", "Algorytm12\Algorytm12.csproj", "{7FCD3E08-C8CD-464A-A573-C2542F33A169}"
EndProject
Project("{9A19103F-16F7-4668-BE54-9A1E7A4F7556}") = "Algorytm13", "Algorytm13\Algorytm13.csproj", "{CF055212-14AF-475F-BE8A-C2182BB61387}"
EndProject
Project("{9A19103F-16F7-4668-BE54-9A1E7A4F7556}") = "Algorytm15", "Algorytm15\Algorytm15.csproj", "{7E78AAFC-6FCE-4669-8427-FB2B041241E0}"
EndProject
Project("{9A19103F-16F7-4668-BE54-9A1E7A4F7556}") = "Algorytm10", "Algorytm10\Algorytm10.csproj", "{35666A73-E0B9-4426-893E-E24EB5EE89A0}"
EndProject
Global
	GlobalSection(SolutionConfigurationPlatforms) = preSolution
		Debug|Any CPU = Debug|Any CPU
		Release|Any CPU = Release|Any CPU
	EndGlobalSection
	GlobalSection(ProjectConfigurationPlatforms) = postSolution
		{A1CBD050-222B-4B27-88DC-DD739D93BE5B}.Debug|Any CPU.ActiveCfg = Debug|Any CPU
		{A1CBD050-222B-4B27-88DC-DD739D93BE5B}.Debug|Any CPU.Build.0 = Debug|Any CPU
		{A1CBD050-222B-4B27-88DC-DD739D93BE5B}.Release|Any CPU.ActiveCfg = Release|Any CPU
		{A1CBD050-222B-4B27-88DC-DD739D93BE5B}.Release|Any CPU.Build.0 = Release|Any CPU
		{569A776F-37F8-45D2-9002-4C6C7A6F1BD8}.Debug|Any CPU.ActiveCfg = Debug|Any CPU
		{569A776F-37F8-45D2-9002-4C6C7A6F1BD8}.Debug|Any CPU.Build.0 = Debug|Any CPU
		{569A776F-37F8-45D2-9002-4C6C7A6F1BD8}.Release|Any CPU.ActiveCfg = Release|Any CPU
		{569A776F-37F8-45D2-9002-4C6C7A6F1BD8}.Release|Any CPU.Build.0 = Release|Any CPU
		{5CB64F73-3667-4396-9B78-D5006BF98EA9}.Debug|Any CPU.ActiveCfg = Debug|Any CPU
		{5CB64F73-3667-4396-9B78-D5006BF98EA9}.Debug|Any CPU.Build.0 = Debug|Any CPU
		{5CB64F73-3667-4396-9B78-D5006BF98EA9}.Release|Any CPU.ActiveCfg = Release|Any CPU
		{5CB64F73-3667-4396-9B78-D5006BF98EA9}.Release|Any CPU.Build.0 = Release|Any CPU
		{7909C406-3E34-4137-B060-C30538CAAF9D}.Debug|Any CPU.ActiveCfg = Debug|Any CPU
		{7909C406-3E34-4137-B060-C30538CAAF9D}.Debug|Any CPU.Build.0 = Debug|Any CPU
		{7909C406-3E34-4137-B060-C30538CAAF9D}.Release|Any CPU.ActiveCfg = Release|Any CPU
		{7909C406-3E34-4137-B060-C30538CAAF9D}.Release|Any CPU.Build.0 = Release|Any CPU
		{68A8277D-6B4C-4A14-AB29-8ECC060948F5}.Debug|Any CPU.ActiveCfg = Debug|Any CPU
		{68A8277D-6B4C-4A14-AB29-8ECC060948F5}.Debug|Any CPU.Build.0 = Debug|Any CPU
		{68A8277D-6B4C-4A14-AB29-8ECC060948F5}.Release|Any CPU.ActiveCfg = Release|Any CPU
		{68A8277D-6B4C-4A14-AB29-8ECC060948F5}.Release|Any CPU.Build.0 = Release|Any CPU
		{66BC741C-92B4-4C87-8E7D-C7CC75203A91}.Debug|Any CPU.ActiveCfg = Debug|Any CPU
		{66BC741C-92B4-4C87-8E7D-C7CC75203A91}.Debug|Any CPU.Build.0 = Debug|Any CPU
		{66BC741C-92B4-4C87-8E7D-C7CC75203A91}.Release|Any CPU.ActiveCfg = Release|Any CPU
		{66BC741C-92B4-4C87-8E7D-C7CC75203A91}.Release|Any CPU.Build.0 = Release|Any CPU
		{E746D96F-D98E-492A-877E-AFAA4EBD4C06}.Debug|Any CPU.ActiveCfg = Debug|Any CPU
		{E746D96F-D98E-492A-877E-AFAA4EBD4C06}.Debug|Any CPU.Build.0 = Debug|Any CPU
		{E746D96F-D98E-492A-877E-AFAA4EBD4C06}.Release|Any CPU.ActiveCfg = Release|Any CPU
		{E746D96F-D98E-492A-877E-AFAA4EBD4C06}.Release|Any CPU.Build.0 = Release|Any CPU
		{B1F9D1AD-9D8C-4F2A-A595-F0CE8FDDB8BF}.Debug|Any CPU.ActiveCfg = Debug|Any CPU
		{B1F9D1AD-9D8C-4F2A-A595-F0CE8FDDB8BF}.Debug|Any CPU.Build.0 = Debug|Any CPU
		{B1F9D1AD-9D8C-4F2A-A595-F0CE8FDDB8BF}.Release|Any CPU.ActiveCfg = Release|Any CPU
		{B1F9D1AD-9D8C-4F2A-A595-F0CE8FDDB8BF}.Release|Any CPU.Build.0 = Release|Any CPU
		{F80EDFB5-B747-4E59-9923-1851E35053C5}.Debug|Any CPU.ActiveCfg = Debug|Any CPU
		{F80EDFB5-B747-4E59-9923-1851E35053C5}.Debug|Any CPU.Build.0 = Debug|Any CPU
		{F80EDFB5-B747-4E59-9923-1851E35053C5}.Release|Any CPU.ActiveCfg = Release|Any CPU
		{F80EDFB5-B747-4E59-9923-1851E35053C5}.Release|Any CPU.Build.0 = Release|Any CPU
		{EB8B9F7E-E043-4849-867A-F3DA962F0455}.Debug|Any CPU.ActiveCfg = Debug|Any CPU
		{EB8B9F7E-E043-4849-867A-F3DA962F0455}.Debug|Any CPU.Build.0 = Debug|Any CPU
		{EB8B9F7E-E043-4849-867A-F3DA962F0455}.Release|Any CPU.ActiveCfg = Release|Any CPU
		{EB8B9F7E-E043-4849-867A-F3DA962F0455}.Release|Any CPU.Build.0 = Release|Any CPU
		{7FCD3E08-C8CD-464A-A573-C2542F33A169}.Debug|Any CPU.ActiveCfg = Debug|Any CPU
		{7FCD3E08-C8CD-464A-A573-C2542F33A169}.Debug|Any CPU.Build.0 = Debug|Any CPU
		{7FCD3E08-C8CD-464A-A573-C2542F33A169}.Release|Any CPU.ActiveCfg = Release|Any CPU
		{7FCD3E08-C8CD-464A-A573-C2542F33A169}.Release|Any CPU.Build.0 = Release|Any CPU
		{CF055212-14AF-475F-BE8A-C2182BB61387}.Debug|Any CPU.ActiveCfg = Debug|Any CPU
		{CF055212-14AF-475F-BE8A-C2182BB61387}.Debug|Any CPU.Build.0 = Debug|Any CPU
		{CF055212-14AF-475F-BE8A-C2182BB61387}.Release|Any CPU.ActiveCfg = Release|Any CPU
		{CF055212-14AF-475F-BE8A-C2182BB61387}.Release|Any CPU.Build.0 = Release|Any CPU
		{7E78AAFC-6FCE-4669-8427-FB2B041241E0}.Debug|Any CPU.ActiveCfg = Debug|Any CPU
		{7E78AAFC-6FCE-4669-8427-FB2B041241E0}.Debug|Any CPU.Build.0 = Debug|Any CPU
		{7E78AAFC-6FCE-4669-8427-FB2B041241E0}.Release|Any CPU.ActiveCfg = Release|Any CPU
		{7E78AAFC-6FCE-4669-8427-FB2B041241E0}.Release|Any CPU.Build.0 = Release|Any CPU
		{35666A73-E0B9-4426-893E-E24EB5EE89A0}.Debug|Any CPU.ActiveCfg = Debug|Any CPU
		{35666A73-E0B9-4426-893E-E24EB5EE89A0}.Debug|Any CPU.Build.0 = Debug|Any CPU
		{35666A73-E0B9-4426-893E-E24EB5EE89A0}.Release|Any CPU.ActiveCfg = Release|Any CPU
		{35666A73-E0B9-4426-893E-E24EB5EE89A0}.Release|Any CPU.Build.0 = Release|Any CPU
	EndGlobalSection
	GlobalSection(SolutionProperties) = preSolution
		HideSolutionNode = FALSE
	EndGlobalSection
	GlobalSection(ExtensibilityGlobals) = postSolution
		SolutionGuid = {D08A0EE1-A4B6-4B3C-A2D0-DBE32FF40892}
	EndGlobalSection
EndGlobal
